
Microsoft Visual Studio Solution File, Format Version 12.00
# Visual Studio Version 17
VisualStudioVersion = 17.9.34616.47
MinimumVisualStudioVersion = 10.0.40219.1
Project("{FAE04EC0-301F-11D3-BF4B-00C04F79EFBC}") = "QuanLyThuVien", "QuanLyThuVien\QuanLyThuVien.csproj", "{792EB880-B483-4362-8844-7960A5AFE294}"
EndProject
Global
	GlobalSection(SolutionConfigurationPlatforms) = preSolution
		Debug|Any CPU = Debug|Any CPU
		Release|Any CPU = Release|Any CPU
	EndGlobalSection
	GlobalSection(ProjectConfigurationPlatforms) = postSolution
		{792EB880-B483-4362-8844-7960A5AFE294}.Debug|Any CPU.ActiveCfg = Debug|Any CPU
		{792EB880-B483-4362-8844-7960A5AFE294}.Debug|Any CPU.Build.0 = Debug|Any CPU
		{792EB880-B483-4362-8844-7960A5AFE294}.Release|Any CPU.ActiveCfg = Release|Any CPU
		{792EB880-B483-4362-8844-7960A5AFE294}.Release|Any CPU.Build.0 = Release|Any CPU
	EndGlobalSection
	GlobalSection(SolutionProperties) = preSolution
		HideSolutionNode = FALSE
	EndGlobalSection
	GlobalSection(ExtensibilityGlobals) = postSolution
		SolutionGuid = {C08D5339-E958-41F5-946A-1A73B0826331}
	EndGlobalSection
EndGlobal
